// !$*UTF8*$!
{
	archiveVersion = 1;
	classes = {
	};
	objectVersion = 56;
	objects = {

/* Begin PBXBuildFile section */
		241748C62BEA6544006985E6 /* PhotoCell.swift in Sources */ = {isa = PBXBuildFile; fileRef = 241748C42BEA6544006985E6 /* PhotoCell.swift */; };
		241748C72BEA6544006985E6 /* PhotoCell.xib in Resources */ = {isa = PBXBuildFile; fileRef = 241748C52BEA6544006985E6 /* PhotoCell.xib */; };
		248644412BDE3795007AB051 /* AppDelegate.swift in Sources */ = {isa = PBXBuildFile; fileRef = 248644402BDE3795007AB051 /* AppDelegate.swift */; };
		248644432BDE3795007AB051 /* SceneDelegate.swift in Sources */ = {isa = PBXBuildFile; fileRef = 248644422BDE3795007AB051 /* SceneDelegate.swift */; };
		248644452BDE3795007AB051 /* UsersController.swift in Sources */ = {isa = PBXBuildFile; fileRef = 248644442BDE3795007AB051 /* UsersController.swift */; };
		248644482BDE3795007AB051 /* Base in Resources */ = {isa = PBXBuildFile; fileRef = 248644472BDE3795007AB051 /* Base */; };
		2486444A2BDE3796007AB051 /* Assets.xcassets in Resources */ = {isa = PBXBuildFile; fileRef = 248644492BDE3796007AB051 /* Assets.xcassets */; };
		2486444D2BDE3796007AB051 /* Base in Resources */ = {isa = PBXBuildFile; fileRef = 2486444C2BDE3796007AB051 /* Base */; };
		248644562BDE3858007AB051 /* MessageKit in Frameworks */ = {isa = PBXBuildFile; productRef = 248644552BDE3858007AB051 /* MessageKit */; };
		248644592BDE3893007AB051 /* FirebaseAppCheck in Frameworks */ = {isa = PBXBuildFile; productRef = 248644582BDE3893007AB051 /* FirebaseAppCheck */; };
		2486445B2BDE3893007AB051 /* FirebaseAuth in Frameworks */ = {isa = PBXBuildFile; productRef = 2486445A2BDE3893007AB051 /* FirebaseAuth */; };
		2486445D2BDE3893007AB051 /* FirebaseDatabase in Frameworks */ = {isa = PBXBuildFile; productRef = 2486445C2BDE3893007AB051 /* FirebaseDatabase */; };
		2486445F2BDE3893007AB051 /* FirebaseFirestore in Frameworks */ = {isa = PBXBuildFile; productRef = 2486445E2BDE3893007AB051 /* FirebaseFirestore */; };
		248644612BDE3893007AB051 /* FirebaseStorage in Frameworks */ = {isa = PBXBuildFile; productRef = 248644602BDE3893007AB051 /* FirebaseStorage */; };
		2486446A2BDE396B007AB051 /* Render.swift in Sources */ = {isa = PBXBuildFile; fileRef = 248644692BDE396B007AB051 /* Render.swift */; };
		2486446C2BDE39BA007AB051 /* AuthView.swift in Sources */ = {isa = PBXBuildFile; fileRef = 2486446B2BDE39BA007AB051 /* AuthView.swift */; };
		2486446E2BDE39D9007AB051 /* Auth.storyboard in Resources */ = {isa = PBXBuildFile; fileRef = 2486446D2BDE39D9007AB051 /* Auth.storyboard */; };
		248644722BDE3A7D007AB051 /* ChatController.swift in Sources */ = {isa = PBXBuildFile; fileRef = 248644712BDE3A7D007AB051 /* ChatController.swift */; };
		248644752BDE3A93007AB051 /* models.swift in Sources */ = {isa = PBXBuildFile; fileRef = 248644742BDE3A93007AB051 /* models.swift */; };
		2486447B2BDE3B5C007AB051 /* UsersTable.xib in Resources */ = {isa = PBXBuildFile; fileRef = 2486447A2BDE3B5C007AB051 /* UsersTable.xib */; };
		2486447C2BDE3B5C007AB051 /* UsersTable.swift in Sources */ = {isa = PBXBuildFile; fileRef = 248644792BDE3B5C007AB051 /* UsersTable.swift */; };
		2486447F2BDE3C8B007AB051 /* FirebaseService.swift in Sources */ = {isa = PBXBuildFile; fileRef = 2486447E2BDE3C8B007AB051 /* FirebaseService.swift */; };
		249184E12BFFDAAE00D04947 /* CoreService.swift in Sources */ = {isa = PBXBuildFile; fileRef = 249184E02BFFDAAE00D04947 /* CoreService.swift */; };
		249184E32BFFE08600D04947 /* AuthInteractor.swift in Sources */ = {isa = PBXBuildFile; fileRef = 249184E22BFFE08600D04947 /* AuthInteractor.swift */; };
		249184E52BFFE0A800D04947 /* AuthPresenter.swift in Sources */ = {isa = PBXBuildFile; fileRef = 249184E42BFFE0A800D04947 /* AuthPresenter.swift */; };
		249184E72BFFE0C600D04947 /* AuthRouter.swift in Sources */ = {isa = PBXBuildFile; fileRef = 249184E62BFFE0C600D04947 /* AuthRouter.swift */; };
		249184E92BFFE0D600D04947 /* AuthModuleBuilder.swift in Sources */ = {isa = PBXBuildFile; fileRef = 249184E82BFFE0D600D04947 /* AuthModuleBuilder.swift */; };
		24D5168A2BDE431900E39DE2 /* GoogleService-Info.plist in Resources */ = {isa = PBXBuildFile; fileRef = 24D516892BDE431900E39DE2 /* GoogleService-Info.plist */; };
		24D5168C2BE0177E00E39DE2 /* PhotoController.swift in Sources */ = {isa = PBXBuildFile; fileRef = 24D5168B2BE0177E00E39DE2 /* PhotoController.swift */; };
		24D5168E2BE0310400E39DE2 /* Photo.storyboard in Resources */ = {isa = PBXBuildFile; fileRef = 24D5168D2BE0310400E39DE2 /* Photo.storyboard */; };
		24E680A92BE0F707003F9D6C /* SettingsController.swift in Sources */ = {isa = PBXBuildFile; fileRef = 24E680A82BE0F707003F9D6C /* SettingsController.swift */; };
		24E680AB2BE0F713003F9D6C /* Settings.storyboard in Resources */ = {isa = PBXBuildFile; fileRef = 24E680AA2BE0F713003F9D6C /* Settings.storyboard */; };
/* End PBXBuildFile section */

/* Begin PBXFileReference section */
		241748C42BEA6544006985E6 /* PhotoCell.swift */ = {isa = PBXFileReference; lastKnownFileType = sourcecode.swift; path = PhotoCell.swift; sourceTree = "<group>"; };
		241748C52BEA6544006985E6 /* PhotoCell.xib */ = {isa = PBXFileReference; lastKnownFileType = file.xib; path = PhotoCell.xib; sourceTree = "<group>"; };
		2486443D2BDE3795007AB051 /* MUT-NYUT.app */ = {isa = PBXFileReference; explicitFileType = wrapper.application; includeInIndex = 0; path = "MUT-NYUT.app"; sourceTree = BUILT_PRODUCTS_DIR; };
		248644402BDE3795007AB051 /* AppDelegate.swift */ = {isa = PBXFileReference; lastKnownFileType = sourcecode.swift; path = AppDelegate.swift; sourceTree = "<group>"; };
		248644422BDE3795007AB051 /* SceneDelegate.swift */ = {isa = PBXFileReference; lastKnownFileType = sourcecode.swift; path = SceneDelegate.swift; sourceTree = "<group>"; };
		248644442BDE3795007AB051 /* UsersController.swift */ = {isa = PBXFileReference; lastKnownFileType = sourcecode.swift; path = UsersController.swift; sourceTree = "<group>"; };
		248644472BDE3795007AB051 /* Base */ = {isa = PBXFileReference; lastKnownFileType = file.storyboard; name = Base; path = Base.lproj/Main.storyboard; sourceTree = "<group>"; };
		248644492BDE3796007AB051 /* Assets.xcassets */ = {isa = PBXFileReference; lastKnownFileType = folder.assetcatalog; path = Assets.xcassets; sourceTree = "<group>"; };
		2486444C2BDE3796007AB051 /* Base */ = {isa = PBXFileReference; lastKnownFileType = file.storyboard; name = Base; path = Base.lproj/LaunchScreen.storyboard; sourceTree = "<group>"; };
		2486444E2BDE3796007AB051 /* Info.plist */ = {isa = PBXFileReference; lastKnownFileType = text.plist.xml; path = Info.plist; sourceTree = "<group>"; };
		248644692BDE396B007AB051 /* Render.swift */ = {isa = PBXFileReference; lastKnownFileType = sourcecode.swift; path = Render.swift; sourceTree = "<group>"; };
		2486446B2BDE39BA007AB051 /* AuthView.swift */ = {isa = PBXFileReference; lastKnownFileType = sourcecode.swift; path = AuthView.swift; sourceTree = "<group>"; };
		2486446D2BDE39D9007AB051 /* Auth.storyboard */ = {isa = PBXFileReference; lastKnownFileType = file.storyboard; path = Auth.storyboard; sourceTree = "<group>"; };
		248644712BDE3A7D007AB051 /* ChatController.swift */ = {isa = PBXFileReference; lastKnownFileType = sourcecode.swift; path = ChatController.swift; sourceTree = "<group>"; };
		248644742BDE3A93007AB051 /* models.swift */ = {isa = PBXFileReference; lastKnownFileType = sourcecode.swift; name = models.swift; path = ../../../../../../models.swift; sourceTree = "<group>"; };
		248644792BDE3B5C007AB051 /* UsersTable.swift */ = {isa = PBXFileReference; lastKnownFileType = sourcecode.swift; path = UsersTable.swift; sourceTree = "<group>"; };
		2486447A2BDE3B5C007AB051 /* UsersTable.xib */ = {isa = PBXFileReference; lastKnownFileType = file.xib; path = UsersTable.xib; sourceTree = "<group>"; };
		2486447E2BDE3C8B007AB051 /* FirebaseService.swift */ = {isa = PBXFileReference; lastKnownFileType = sourcecode.swift; path = FirebaseService.swift; sourceTree = "<group>"; };
		249184E02BFFDAAE00D04947 /* CoreService.swift */ = {isa = PBXFileReference; lastKnownFileType = sourcecode.swift; path = CoreService.swift; sourceTree = "<group>"; };
		249184E22BFFE08600D04947 /* AuthInteractor.swift */ = {isa = PBXFileReference; lastKnownFileType = sourcecode.swift; path = AuthInteractor.swift; sourceTree = "<group>"; };
		249184E42BFFE0A800D04947 /* AuthPresenter.swift */ = {isa = PBXFileReference; lastKnownFileType = sourcecode.swift; path = AuthPresenter.swift; sourceTree = "<group>"; };
		249184E62BFFE0C600D04947 /* AuthRouter.swift */ = {isa = PBXFileReference; lastKnownFileType = sourcecode.swift; path = AuthRouter.swift; sourceTree = "<group>"; };
		249184E82BFFE0D600D04947 /* AuthModuleBuilder.swift */ = {isa = PBXFileReference; lastKnownFileType = sourcecode.swift; path = AuthModuleBuilder.swift; sourceTree = "<group>"; };
		24D516892BDE431900E39DE2 /* GoogleService-Info.plist */ = {isa = PBXFileReference; fileEncoding = 4; lastKnownFileType = text.plist.xml; path = "GoogleService-Info.plist"; sourceTree = "<group>"; };
		24D5168B2BE0177E00E39DE2 /* PhotoController.swift */ = {isa = PBXFileReference; lastKnownFileType = sourcecode.swift; path = PhotoController.swift; sourceTree = "<group>"; };
		24D5168D2BE0310400E39DE2 /* Photo.storyboard */ = {isa = PBXFileReference; lastKnownFileType = file.storyboard; path = Photo.storyboard; sourceTree = "<group>"; };
		24E680A82BE0F707003F9D6C /* SettingsController.swift */ = {isa = PBXFileReference; lastKnownFileType = sourcecode.swift; path = SettingsController.swift; sourceTree = "<group>"; };
		24E680AA2BE0F713003F9D6C /* Settings.storyboard */ = {isa = PBXFileReference; lastKnownFileType = file.storyboard; path = Settings.storyboard; sourceTree = "<group>"; };
/* End PBXFileReference section */

/* Begin PBXFrameworksBuildPhase section */
		2486443A2BDE3795007AB051 /* Frameworks */ = {
			isa = PBXFrameworksBuildPhase;
			buildActionMask = 2147483647;
			files = (
				248644592BDE3893007AB051 /* FirebaseAppCheck in Frameworks */,
				2486445B2BDE3893007AB051 /* FirebaseAuth in Frameworks */,
				2486445D2BDE3893007AB051 /* FirebaseDatabase in Frameworks */,
				2486445F2BDE3893007AB051 /* FirebaseFirestore in Frameworks */,
				248644562BDE3858007AB051 /* MessageKit in Frameworks */,
				248644612BDE3893007AB051 /* FirebaseStorage in Frameworks */,
			);
			runOnlyForDeploymentPostprocessing = 0;
		};
/* End PBXFrameworksBuildPhase section */

/* Begin PBXGroup section */
		241748C32BEA6531006985E6 /* PhotoCell */ = {
			isa = PBXGroup;
			children = (
				241748C42BEA6544006985E6 /* PhotoCell.swift */,
				241748C52BEA6544006985E6 /* PhotoCell.xib */,
			);
			path = PhotoCell;
			sourceTree = "<group>";
		};
		248644342BDE3795007AB051 = {
			isa = PBXGroup;
			children = (
				2486443F2BDE3795007AB051 /* MUT-NYUT */,
				2486443E2BDE3795007AB051 /* Products */,
			);
			sourceTree = "<group>";
		};
		2486443E2BDE3795007AB051 /* Products */ = {
			isa = PBXGroup;
			children = (
				2486443D2BDE3795007AB051 /* MUT-NYUT.app */,
			);
			name = Products;
			sourceTree = "<group>";
		};
		2486443F2BDE3795007AB051 /* MUT-NYUT */ = {
			isa = PBXGroup;
			children = (
				248644622BDE38CD007AB051 /* Application */,
				248644632BDE38E2007AB051 /* Core */,
				248644642BDE38F4007AB051 /* Auth */,
				2486446F2BDE3A24007AB051 /* Chat */,
				2486447D2BDE3C69007AB051 /* API */,
				248644492BDE3796007AB051 /* Assets.xcassets */,
				2486444B2BDE3796007AB051 /* LaunchScreen.storyboard */,
				24D516892BDE431900E39DE2 /* GoogleService-Info.plist */,
				2486444E2BDE3796007AB051 /* Info.plist */,
			);
			path = "MUT-NYUT";
			sourceTree = "<group>";
		};
		248644622BDE38CD007AB051 /* Application */ = {
			isa = PBXGroup;
			children = (
				248644422BDE3795007AB051 /* SceneDelegate.swift */,
				248644402BDE3795007AB051 /* AppDelegate.swift */,
			);
			path = Application;
			sourceTree = "<group>";
		};
		248644632BDE38E2007AB051 /* Core */ = {
			isa = PBXGroup;
			children = (
				249184E02BFFDAAE00D04947 /* CoreService.swift */,
			);
			path = Core;
			sourceTree = "<group>";
		};
		248644642BDE38F4007AB051 /* Auth */ = {
			isa = PBXGroup;
			children = (
				2486446B2BDE39BA007AB051 /* AuthView.swift */,
				249184E42BFFE0A800D04947 /* AuthPresenter.swift */,
				249184E22BFFE08600D04947 /* AuthInteractor.swift */,
				249184E62BFFE0C600D04947 /* AuthRouter.swift */,
				249184E82BFFE0D600D04947 /* AuthModuleBuilder.swift */,
				2486446D2BDE39D9007AB051 /* Auth.storyboard */,
				248644682BDE3960007AB051 /* Other */,
			);
			path = Auth;
			sourceTree = "<group>";
		};
		248644682BDE3960007AB051 /* Other */ = {
			isa = PBXGroup;
			children = (
				248644692BDE396B007AB051 /* Render.swift */,
			);
			path = Other;
			sourceTree = "<group>";
		};
		2486446F2BDE3A24007AB051 /* Chat */ = {
			isa = PBXGroup;
			children = (
				248644702BDE3A53007AB051 /* Controllers */,
				248644772BDE3AFD007AB051 /* View */,
				248644732BDE3A85007AB051 /* model */,
			);
			path = Chat;
			sourceTree = "<group>";
		};
		248644702BDE3A53007AB051 /* Controllers */ = {
			isa = PBXGroup;
			children = (
				248644442BDE3795007AB051 /* UsersController.swift */,
				248644712BDE3A7D007AB051 /* ChatController.swift */,
				24D5168B2BE0177E00E39DE2 /* PhotoController.swift */,
				24E680A82BE0F707003F9D6C /* SettingsController.swift */,
			);
			path = Controllers;
			sourceTree = "<group>";
		};
		248644732BDE3A85007AB051 /* model */ = {
			isa = PBXGroup;
			children = (
				248644742BDE3A93007AB051 /* models.swift */,
			);
			path = model;
			sourceTree = "<group>";
		};
		248644772BDE3AFD007AB051 /* View */ = {
			isa = PBXGroup;
			children = (
				248644462BDE3795007AB051 /* Main.storyboard */,
				24D5168D2BE0310400E39DE2 /* Photo.storyboard */,
				24E680AA2BE0F713003F9D6C /* Settings.storyboard */,
				241748C32BEA6531006985E6 /* PhotoCell */,
				248644782BDE3B03007AB051 /* UsersTableCell */,
			);
			path = View;
			sourceTree = "<group>";
		};
		248644782BDE3B03007AB051 /* UsersTableCell */ = {
			isa = PBXGroup;
			children = (
				248644792BDE3B5C007AB051 /* UsersTable.swift */,
				2486447A2BDE3B5C007AB051 /* UsersTable.xib */,
			);
			path = UsersTableCell;
			sourceTree = "<group>";
		};
		2486447D2BDE3C69007AB051 /* API */ = {
			isa = PBXGroup;
			children = (
				2486447E2BDE3C8B007AB051 /* FirebaseService.swift */,
			);
			path = API;
			sourceTree = "<group>";
		};
/* End PBXGroup section */

/* Begin PBXNativeTarget section */
		2486443C2BDE3795007AB051 /* MUT-NYUT */ = {
			isa = PBXNativeTarget;
			buildConfigurationList = 248644512BDE3796007AB051 /* Build configuration list for PBXNativeTarget "MUT-NYUT" */;
			buildPhases = (
				248644392BDE3795007AB051 /* Sources */,
				2486443A2BDE3795007AB051 /* Frameworks */,
				2486443B2BDE3795007AB051 /* Resources */,
			);
			buildRules = (
			);
			dependencies = (
			);
			name = "MUT-NYUT";
			packageProductDependencies = (
				248644552BDE3858007AB051 /* MessageKit */,
				248644582BDE3893007AB051 /* FirebaseAppCheck */,
				2486445A2BDE3893007AB051 /* FirebaseAuth */,
				2486445C2BDE3893007AB051 /* FirebaseDatabase */,
				2486445E2BDE3893007AB051 /* FirebaseFirestore */,
				248644602BDE3893007AB051 /* FirebaseStorage */,
			);
			productName = "MUT-NYUT";
			productReference = 2486443D2BDE3795007AB051 /* MUT-NYUT.app */;
			productType = "com.apple.product-type.application";
		};
/* End PBXNativeTarget section */

/* Begin PBXProject section */
		248644352BDE3795007AB051 /* Project object */ = {
			isa = PBXProject;
			attributes = {
				BuildIndependentTargetsInParallel = 1;
				LastSwiftUpdateCheck = 1530;
				LastUpgradeCheck = 1530;
				TargetAttributes = {
					2486443C2BDE3795007AB051 = {
						CreatedOnToolsVersion = 15.3;
					};
				};
			};
			buildConfigurationList = 248644382BDE3795007AB051 /* Build configuration list for PBXProject "MUT-NYUT" */;
			compatibilityVersion = "Xcode 14.0";
			developmentRegion = en;
			hasScannedForEncodings = 0;
			knownRegions = (
				en,
				Base,
			);
			mainGroup = 248644342BDE3795007AB051;
			packageReferences = (
				248644542BDE3858007AB051 /* XCRemoteSwiftPackageReference "MessageKit" */,
				248644572BDE3893007AB051 /* XCRemoteSwiftPackageReference "firebase-ios-sdk" */,
			);
			productRefGroup = 2486443E2BDE3795007AB051 /* Products */;
			projectDirPath = "";
			projectRoot = "";
			targets = (
				2486443C2BDE3795007AB051 /* MUT-NYUT */,
			);
		};
/* End PBXProject section */

/* Begin PBXResourcesBuildPhase section */
		2486443B2BDE3795007AB051 /* Resources */ = {
			isa = PBXResourcesBuildPhase;
			buildActionMask = 2147483647;
			files = (
				24D5168E2BE0310400E39DE2 /* Photo.storyboard in Resources */,
				2486447B2BDE3B5C007AB051 /* UsersTable.xib in Resources */,
				2486446E2BDE39D9007AB051 /* Auth.storyboard in Resources */,
				24E680AB2BE0F713003F9D6C /* Settings.storyboard in Resources */,
				2486444A2BDE3796007AB051 /* Assets.xcassets in Resources */,
				2486444D2BDE3796007AB051 /* Base in Resources */,
				241748C72BEA6544006985E6 /* PhotoCell.xib in Resources */,
				248644482BDE3795007AB051 /* Base in Resources */,
				24D5168A2BDE431900E39DE2 /* GoogleService-Info.plist in Resources */,
			);
			runOnlyForDeploymentPostprocessing = 0;
		};
/* End PBXResourcesBuildPhase section */

/* Begin PBXSourcesBuildPhase section */
		248644392BDE3795007AB051 /* Sources */ = {
			isa = PBXSourcesBuildPhase;
			buildActionMask = 2147483647;
			files = (
				24D5168C2BE0177E00E39DE2 /* PhotoController.swift in Sources */,
				248644752BDE3A93007AB051 /* models.swift in Sources */,
				249184E92BFFE0D600D04947 /* AuthModuleBuilder.swift in Sources */,
				249184E32BFFE08600D04947 /* AuthInteractor.swift in Sources */,
				2486446C2BDE39BA007AB051 /* AuthView.swift in Sources */,
				248644452BDE3795007AB051 /* UsersController.swift in Sources */,
				241748C62BEA6544006985E6 /* PhotoCell.swift in Sources */,
				248644412BDE3795007AB051 /* AppDelegate.swift in Sources */,
				249184E12BFFDAAE00D04947 /* CoreService.swift in Sources */,
				24E680A92BE0F707003F9D6C /* SettingsController.swift in Sources */,
				2486447F2BDE3C8B007AB051 /* FirebaseService.swift in Sources */,
				249184E52BFFE0A800D04947 /* AuthPresenter.swift in Sources */,
				248644432BDE3795007AB051 /* SceneDelegate.swift in Sources */,
				2486447C2BDE3B5C007AB051 /* UsersTable.swift in Sources */,
				2486446A2BDE396B007AB051 /* Render.swift in Sources */,
				249184E72BFFE0C600D04947 /* AuthRouter.swift in Sources */,
				248644722BDE3A7D007AB051 /* ChatController.swift in Sources */,
			);
			runOnlyForDeploymentPostprocessing = 0;
		};
/* End PBXSourcesBuildPhase section */

/* Begin PBXVariantGroup section */
		248644462BDE3795007AB051 /* Main.storyboard */ = {
			isa = PBXVariantGroup;
			children = (
				248644472BDE3795007AB051 /* Base */,
			);
			name = Main.storyboard;
			sourceTree = "<group>";
		};
		2486444B2BDE3796007AB051 /* LaunchScreen.storyboard */ = {
			isa = PBXVariantGroup;
			children = (
				2486444C2BDE3796007AB051 /* Base */,
			);
			name = LaunchScreen.storyboard;
			sourceTree = "<group>";
		};
/* End PBXVariantGroup section */

/* Begin XCBuildConfiguration section */
		2486444F2BDE3796007AB051 /* Debug */ = {
			isa = XCBuildConfiguration;
			buildSettings = {
				ALWAYS_SEARCH_USER_PATHS = NO;
				ASSETCATALOG_COMPILER_GENERATE_SWIFT_ASSET_SYMBOL_EXTENSIONS = YES;
				CLANG_ANALYZER_NONNULL = YES;
				CLANG_ANALYZER_NUMBER_OBJECT_CONVERSION = YES_AGGRESSIVE;
				CLANG_CXX_LANGUAGE_STANDARD = "gnu++20";
				CLANG_ENABLE_MODULES = YES;
				CLANG_ENABLE_OBJC_ARC = YES;
				CLANG_ENABLE_OBJC_WEAK = YES;
				CLANG_WARN_BLOCK_CAPTURE_AUTORELEASING = YES;
				CLANG_WARN_BOOL_CONVERSION = YES;
				CLANG_WARN_COMMA = YES;
				CLANG_WARN_CONSTANT_CONVERSION = YES;
				CLANG_WARN_DEPRECATED_OBJC_IMPLEMENTATIONS = YES;
				CLANG_WARN_DIRECT_OBJC_ISA_USAGE = YES_ERROR;
				CLANG_WARN_DOCUMENTATION_COMMENTS = YES;
				CLANG_WARN_EMPTY_BODY = YES;
				CLANG_WARN_ENUM_CONVERSION = YES;
				CLANG_WARN_INFINITE_RECURSION = YES;
				CLANG_WARN_INT_CONVERSION = YES;
				CLANG_WARN_NON_LITERAL_NULL_CONVERSION = YES;
				CLANG_WARN_OBJC_IMPLICIT_RETAIN_SELF = YES;
				CLANG_WARN_OBJC_LITERAL_CONVERSION = YES;
				CLANG_WARN_OBJC_ROOT_CLASS = YES_ERROR;
				CLANG_WARN_QUOTED_INCLUDE_IN_FRAMEWORK_HEADER = YES;
				CLANG_WARN_RANGE_LOOP_ANALYSIS = YES;
				CLANG_WARN_STRICT_PROTOTYPES = YES;
				CLANG_WARN_SUSPICIOUS_MOVE = YES;
				CLANG_WARN_UNGUARDED_AVAILABILITY = YES_AGGRESSIVE;
				CLANG_WARN_UNREACHABLE_CODE = YES;
				CLANG_WARN__DUPLICATE_METHOD_MATCH = YES;
				COPY_PHASE_STRIP = NO;
				DEBUG_INFORMATION_FORMAT = dwarf;
				ENABLE_STRICT_OBJC_MSGSEND = YES;
				ENABLE_TESTABILITY = YES;
				ENABLE_USER_SCRIPT_SANDBOXING = YES;
				GCC_C_LANGUAGE_STANDARD = gnu17;
				GCC_DYNAMIC_NO_PIC = NO;
				GCC_NO_COMMON_BLOCKS = YES;
				GCC_OPTIMIZATION_LEVEL = 0;
				GCC_PREPROCESSOR_DEFINITIONS = (
					"DEBUG=1",
					"$(inherited)",
				);
				GCC_WARN_64_TO_32_BIT_CONVERSION = YES;
				GCC_WARN_ABOUT_RETURN_TYPE = YES_ERROR;
				GCC_WARN_UNDECLARED_SELECTOR = YES;
				GCC_WARN_UNINITIALIZED_AUTOS = YES_AGGRESSIVE;
				GCC_WARN_UNUSED_FUNCTION = YES;
				GCC_WARN_UNUSED_VARIABLE = YES;
				IPHONEOS_DEPLOYMENT_TARGET = 17.4;
				LOCALIZATION_PREFERS_STRING_CATALOGS = YES;
				MTL_ENABLE_DEBUG_INFO = INCLUDE_SOURCE;
				MTL_FAST_MATH = YES;
				ONLY_ACTIVE_ARCH = YES;
				SDKROOT = iphoneos;
				SWIFT_ACTIVE_COMPILATION_CONDITIONS = "DEBUG $(inherited)";
				SWIFT_OPTIMIZATION_LEVEL = "-Onone";
			};
			name = Debug;
		};
		248644502BDE3796007AB051 /* Release */ = {
			isa = XCBuildConfiguration;
			buildSettings = {
				ALWAYS_SEARCH_USER_PATHS = NO;
				ASSETCATALOG_COMPILER_GENERATE_SWIFT_ASSET_SYMBOL_EXTENSIONS = YES;
				CLANG_ANALYZER_NONNULL = YES;
				CLANG_ANALYZER_NUMBER_OBJECT_CONVERSION = YES_AGGRESSIVE;
				CLANG_CXX_LANGUAGE_STANDARD = "gnu++20";
				CLANG_ENABLE_MODULES = YES;
				CLANG_ENABLE_OBJC_ARC = YES;
				CLANG_ENABLE_OBJC_WEAK = YES;
				CLANG_WARN_BLOCK_CAPTURE_AUTORELEASING = YES;
				CLANG_WARN_BOOL_CONVERSION = YES;
				CLANG_WARN_COMMA = YES;
				CLANG_WARN_CONSTANT_CONVERSION = YES;
				CLANG_WARN_DEPRECATED_OBJC_IMPLEMENTATIONS = YES;
				CLANG_WARN_DIRECT_OBJC_ISA_USAGE = YES_ERROR;
				CLANG_WARN_DOCUMENTATION_COMMENTS = YES;
				CLANG_WARN_EMPTY_BODY = YES;
				CLANG_WARN_ENUM_CONVERSION = YES;
				CLANG_WARN_INFINITE_RECURSION = YES;
				CLANG_WARN_INT_CONVERSION = YES;
				CLANG_WARN_NON_LITERAL_NULL_CONVERSION = YES;
				CLANG_WARN_OBJC_IMPLICIT_RETAIN_SELF = YES;
				CLANG_WARN_OBJC_LITERAL_CONVERSION = YES;
				CLANG_WARN_OBJC_ROOT_CLASS = YES_ERROR;
				CLANG_WARN_QUOTED_INCLUDE_IN_FRAMEWORK_HEADER = YES;
				CLANG_WARN_RANGE_LOOP_ANALYSIS = YES;
				CLANG_WARN_STRICT_PROTOTYPES = YES;
				CLANG_WARN_SUSPICIOUS_MOVE = YES;
				CLANG_WARN_UNGUARDED_AVAILABILITY = YES_AGGRESSIVE;
				CLANG_WARN_UNREACHABLE_CODE = YES;
				CLANG_WARN__DUPLICATE_METHOD_MATCH = YES;
				COPY_PHASE_STRIP = NO;
				DEBUG_INFORMATION_FORMAT = "dwarf-with-dsym";
				ENABLE_NS_ASSERTIONS = NO;
				ENABLE_STRICT_OBJC_MSGSEND = YES;
				ENABLE_USER_SCRIPT_SANDBOXING = YES;
				GCC_C_LANGUAGE_STANDARD = gnu17;
				GCC_NO_COMMON_BLOCKS = YES;
				GCC_WARN_64_TO_32_BIT_CONVERSION = YES;
				GCC_WARN_ABOUT_RETURN_TYPE = YES_ERROR;
				GCC_WARN_UNDECLARED_SELECTOR = YES;
				GCC_WARN_UNINITIALIZED_AUTOS = YES_AGGRESSIVE;
				GCC_WARN_UNUSED_FUNCTION = YES;
				GCC_WARN_UNUSED_VARIABLE = YES;
				IPHONEOS_DEPLOYMENT_TARGET = 17.4;
				LOCALIZATION_PREFERS_STRING_CATALOGS = YES;
				MTL_ENABLE_DEBUG_INFO = NO;
				MTL_FAST_MATH = YES;
				SDKROOT = iphoneos;
				SWIFT_COMPILATION_MODE = wholemodule;
				VALIDATE_PRODUCT = YES;
			};
			name = Release;
		};
		248644522BDE3796007AB051 /* Debug */ = {
			isa = XCBuildConfiguration;
			buildSettings = {
				ASSETCATALOG_COMPILER_APPICON_NAME = AppIcon;
				ASSETCATALOG_COMPILER_GLOBAL_ACCENT_COLOR_NAME = AccentColor;
				CODE_SIGN_STYLE = Automatic;
				CURRENT_PROJECT_VERSION = 1;
				DEVELOPMENT_TEAM = CHHLJ7BQM4;
				GENERATE_INFOPLIST_FILE = YES;
				INFOPLIST_FILE = "MUT-NYUT/Info.plist";
				INFOPLIST_KEY_NSCameraUsageDescription = "Write Photo";
				INFOPLIST_KEY_NSFaceIDUsageDescription = "Подтвердите личность";
				INFOPLIST_KEY_UIApplicationSupportsIndirectInputEvents = YES;
				INFOPLIST_KEY_UILaunchStoryboardName = LaunchScreen;
				INFOPLIST_KEY_UIMainStoryboardFile = Main;
				INFOPLIST_KEY_UISupportedInterfaceOrientations = UIInterfaceOrientationPortrait;
				IPHONEOS_DEPLOYMENT_TARGET = 16.0;
				LD_RUNPATH_SEARCH_PATHS = (
					"$(inherited)",
					"@executable_path/Frameworks",
				);
				MARKETING_VERSION = 1.0;
				PRODUCT_BUNDLE_IDENTIFIER = "Nzhdeh.MUT-NYUT7";
				PRODUCT_NAME = "$(TARGET_NAME)";
				SWIFT_EMIT_LOC_STRINGS = YES;
				SWIFT_VERSION = 5.0;
				TARGETED_DEVICE_FAMILY = "1,2";
			};
			name = Debug;
		};
		248644532BDE3796007AB051 /* Release */ = {
			isa = XCBuildConfiguration;
			buildSettings = {
				ASSETCATALOG_COMPILER_APPICON_NAME = AppIcon;
				ASSETCATALOG_COMPILER_GLOBAL_ACCENT_COLOR_NAME = AccentColor;
				CODE_SIGN_STYLE = Automatic;
				CURRENT_PROJECT_VERSION = 1;
				DEVELOPMENT_TEAM = CHHLJ7BQM4;
				GENERATE_INFOPLIST_FILE = YES;
				INFOPLIST_FILE = "MUT-NYUT/Info.plist";
				INFOPLIST_KEY_NSCameraUsageDescription = "Write Photo";
				INFOPLIST_KEY_NSFaceIDUsageDescription = "Подтвердите личность";
				INFOPLIST_KEY_UIApplicationSupportsIndirectInputEvents = YES;
				INFOPLIST_KEY_UILaunchStoryboardName = LaunchScreen;
				INFOPLIST_KEY_UIMainStoryboardFile = Main;
				INFOPLIST_KEY_UISupportedInterfaceOrientations = UIInterfaceOrientationPortrait;
				IPHONEOS_DEPLOYMENT_TARGET = 16.0;
				LD_RUNPATH_SEARCH_PATHS = (
					"$(inherited)",
					"@executable_path/Frameworks",
				);
				MARKETING_VERSION = 1.0;
				PRODUCT_BUNDLE_IDENTIFIER = "Nzhdeh.MUT-NYUT7";
				PRODUCT_NAME = "$(TARGET_NAME)";
				SWIFT_EMIT_LOC_STRINGS = YES;
				SWIFT_VERSION = 5.0;
				TARGETED_DEVICE_FAMILY = "1,2";
			};
			name = Release;
		};
/* End XCBuildConfiguration section */

/* Begin XCConfigurationList section */
		248644382BDE3795007AB051 /* Build configuration list for PBXProject "MUT-NYUT" */ = {
			isa = XCConfigurationList;
			buildConfigurations = (
				2486444F2BDE3796007AB051 /* Debug */,
				248644502BDE3796007AB051 /* Release */,
			);
			defaultConfigurationIsVisible = 0;
			defaultConfigurationName = Release;
		};
		248644512BDE3796007AB051 /* Build configuration list for PBXNativeTarget "MUT-NYUT" */ = {
			isa = XCConfigurationList;
			buildConfigurations = (
				248644522BDE3796007AB051 /* Debug */,
				248644532BDE3796007AB051 /* Release */,
			);
			defaultConfigurationIsVisible = 0;
			defaultConfigurationName = Release;
		};
/* End XCConfigurationList section */

/* Begin XCRemoteSwiftPackageReference section */
		248644542BDE3858007AB051 /* XCRemoteSwiftPackageReference "MessageKit" */ = {
			isa = XCRemoteSwiftPackageReference;
			repositoryURL = "https://github.com/MessageKit/MessageKit";
			requirement = {
				kind = upToNextMajorVersion;
				minimumVersion = 4.2.0;
			};
		};
		248644572BDE3893007AB051 /* XCRemoteSwiftPackageReference "firebase-ios-sdk" */ = {
			isa = XCRemoteSwiftPackageReference;
			repositoryURL = "https://github.com/firebase/firebase-ios-sdk.git";
			requirement = {
				kind = upToNextMajorVersion;
				minimumVersion = 10.24.0;
			};
		};
/* End XCRemoteSwiftPackageReference section */

/* Begin XCSwiftPackageProductDependency section */
		248644552BDE3858007AB051 /* MessageKit */ = {
			isa = XCSwiftPackageProductDependency;
			package = 248644542BDE3858007AB051 /* XCRemoteSwiftPackageReference "MessageKit" */;
			productName = MessageKit;
		};
		248644582BDE3893007AB051 /* FirebaseAppCheck */ = {
			isa = XCSwiftPackageProductDependency;
			package = 248644572BDE3893007AB051 /* XCRemoteSwiftPackageReference "firebase-ios-sdk" */;
			productName = FirebaseAppCheck;
		};
		2486445A2BDE3893007AB051 /* FirebaseAuth */ = {
			isa = XCSwiftPackageProductDependency;
			package = 248644572BDE3893007AB051 /* XCRemoteSwiftPackageReference "firebase-ios-sdk" */;
			productName = FirebaseAuth;
		};
		2486445C2BDE3893007AB051 /* FirebaseDatabase */ = {
			isa = XCSwiftPackageProductDependency;
			package = 248644572BDE3893007AB051 /* XCRemoteSwiftPackageReference "firebase-ios-sdk" */;
			productName = FirebaseDatabase;
		};
		2486445E2BDE3893007AB051 /* FirebaseFirestore */ = {
			isa = XCSwiftPackageProductDependency;
			package = 248644572BDE3893007AB051 /* XCRemoteSwiftPackageReference "firebase-ios-sdk" */;
			productName = FirebaseFirestore;
		};
		248644602BDE3893007AB051 /* FirebaseStorage */ = {
			isa = XCSwiftPackageProductDependency;
			package = 248644572BDE3893007AB051 /* XCRemoteSwiftPackageReference "firebase-ios-sdk" */;
			productName = FirebaseStorage;
		};
/* End XCSwiftPackageProductDependency section */
	};
	rootObject = 248644352BDE3795007AB051 /* Project object */;
}
